
Microsoft Visual Studio Solution File, Format Version 12.00
# Visual Studio Version 16
VisualStudioVersion = 16.0.31112.23
MinimumVisualStudioVersion = 10.0.40219.1
Project("{FAE04EC0-301F-11D3-BF4B-00C04F79EFBC}") = "A894182.Actividad02", "A894182.Actividad02\A894182.Actividad02.csproj", "{218686DA-8D5E-4C28-A5B0-EFC351034B6C}"
EndProject
Global
	GlobalSection(SolutionConfigurationPlatforms) = preSolution
		Debug|Any CPU = Debug|Any CPU
		Release|Any CPU = Release|Any CPU
	EndGlobalSection
	GlobalSection(ProjectConfigurationPlatforms) = postSolution
		{218686DA-8D5E-4C28-A5B0-EFC351034B6C}.Debug|Any CPU.ActiveCfg = Debug|Any CPU
		{218686DA-8D5E-4C28-A5B0-EFC351034B6C}.Debug|Any CPU.Build.0 = Debug|Any CPU
		{218686DA-8D5E-4C28-A5B0-EFC351034B6C}.Release|Any CPU.ActiveCfg = Release|Any CPU
		{218686DA-8D5E-4C28-A5B0-EFC351034B6C}.Release|Any CPU.Build.0 = Release|Any CPU
	EndGlobalSection
	GlobalSection(SolutionProperties) = preSolution
		HideSolutionNode = FALSE
	EndGlobalSection
	GlobalSection(ExtensibilityGlobals) = postSolution
		SolutionGuid = {AC4EAF7A-4D91-4B66-AC21-9F8A660E2337}
	EndGlobalSection
EndGlobal
